// !$*UTF8*$!
{
	archiveVersion = 1;
	classes = {
	};
	objectVersion = 56;
	objects = {

/* Begin PBXBuildFile section */
		F13428122B5353070045343D /* Copier.swift in Sources */ = {isa = PBXBuildFile; fileRef = F13428112B5353070045343D /* Copier.swift */; };
		F13428142B535EA40045343D /* Localizable.xcstrings in Resources */ = {isa = PBXBuildFile; fileRef = F13428132B535EA40045343D /* Localizable.xcstrings */; };
		F16670472AF711EC000B76A5 /* TildoneApp.swift in Sources */ = {isa = PBXBuildFile; fileRef = F16670462AF711EC000B76A5 /* TildoneApp.swift */; };
		F16670492AF711EC000B76A5 /* Note.swift in Sources */ = {isa = PBXBuildFile; fileRef = F16670482AF711EC000B76A5 /* Note.swift */; };
		F166704B2AF711EC000B76A5 /* Todo.swift in Sources */ = {isa = PBXBuildFile; fileRef = F166704A2AF711EC000B76A5 /* Todo.swift */; };
		F166704D2AF711ED000B76A5 /* Assets.xcassets in Resources */ = {isa = PBXBuildFile; fileRef = F166704C2AF711ED000B76A5 /* Assets.xcassets */; };
		F16670502AF711ED000B76A5 /* Preview Assets.xcassets in Resources */ = {isa = PBXBuildFile; fileRef = F166704F2AF711ED000B76A5 /* Preview Assets.xcassets */; };
		F166705B2AF711EE000B76A5 /* TildoneTests.swift in Sources */ = {isa = PBXBuildFile; fileRef = F166705A2AF711EE000B76A5 /* TildoneTests.swift */; };
		F16670652AF711EE000B76A5 /* TildoneUITests.swift in Sources */ = {isa = PBXBuildFile; fileRef = F16670642AF711EE000B76A5 /* TildoneUITests.swift */; };
		F16670672AF711EE000B76A5 /* TildoneUITestsLaunchTests.swift in Sources */ = {isa = PBXBuildFile; fileRef = F16670662AF711EE000B76A5 /* TildoneUITestsLaunchTests.swift */; };
		F16670762AF7133F000B76A5 /* TodoList.swift in Sources */ = {isa = PBXBuildFile; fileRef = F16670752AF7133F000B76A5 /* TodoList.swift */; };
		F16670792AF7167D000B76A5 /* Styler.swift in Sources */ = {isa = PBXBuildFile; fileRef = F16670772AF7167D000B76A5 /* Styler.swift */; };
		F166707A2AF7167D000B76A5 /* Constants.swift in Sources */ = {isa = PBXBuildFile; fileRef = F16670782AF7167D000B76A5 /* Constants.swift */; };
		F166707C2AF716F8000B76A5 /* Checkbox.swift in Sources */ = {isa = PBXBuildFile; fileRef = F166707B2AF716F8000B76A5 /* Checkbox.swift */; };
		F17086B82B48D5BF00D2C7DD /* Launcher.swift in Sources */ = {isa = PBXBuildFile; fileRef = F17086B72B48D5BF00D2C7DD /* Launcher.swift */; };
		F17F46962B4A0FE000127AD9 /* Settings.swift in Sources */ = {isa = PBXBuildFile; fileRef = F17F46952B4A0FE000127AD9 /* Settings.swift */; };
		F17F469A2B4A1C0B00127AD9 /* View+Util.swift in Sources */ = {isa = PBXBuildFile; fileRef = F17F46992B4A1C0B00127AD9 /* View+Util.swift */; };
		F180D8DA2AF850CC002ED6BF /* Mocks.swift in Sources */ = {isa = PBXBuildFile; fileRef = F180D8D92AF850CC002ED6BF /* Mocks.swift */; };
		F180D8DC2AF854D7002ED6BF /* Desktop.swift in Sources */ = {isa = PBXBuildFile; fileRef = F180D8DB2AF854D7002ED6BF /* Desktop.swift */; };
		F19B3BF32B155711003C094A /* LicenseType.swift in Sources */ = {isa = PBXBuildFile; fileRef = F19B3BF22B155711003C094A /* LicenseType.swift */; };
		F1D17AA92B47741900C7A500 /* FocusFilter.swift in Sources */ = {isa = PBXBuildFile; fileRef = F1D17AA82B47741900C7A500 /* FocusFilter.swift */; };
		F1D3001B2B51F2FB00654241 /* Launcher+Toggle.swift in Sources */ = {isa = PBXBuildFile; fileRef = F1D3001A2B51F2FB00654241 /* Launcher+Toggle.swift */; };
		F1D3001D2B51F3E100654241 /* UpdateChecker.swift in Sources */ = {isa = PBXBuildFile; fileRef = F1D3001C2B51F3E100654241 /* UpdateChecker.swift */; };
		F1D3001F2B51FE0E00654241 /* Updates.swift in Sources */ = {isa = PBXBuildFile; fileRef = F1D3001E2B51FE0E00654241 /* Updates.swift */; };
		F1D300212B52061400654241 /* About.swift in Sources */ = {isa = PBXBuildFile; fileRef = F1D300202B52061400654241 /* About.swift */; };
		F1EA81F82AFEA80C00E58A73 /* WindowAccessor.swift in Sources */ = {isa = PBXBuildFile; fileRef = F1EA81F72AFEA80C00E58A73 /* WindowAccessor.swift */; };
/* End PBXBuildFile section */

/* Begin PBXContainerItemProxy section */
		F16670572AF711EE000B76A5 /* PBXContainerItemProxy */ = {
			isa = PBXContainerItemProxy;
			containerPortal = F166703B2AF711EC000B76A5 /* Project object */;
			proxyType = 1;
			remoteGlobalIDString = F16670422AF711EC000B76A5;
			remoteInfo = Tildone;
		};
		F16670612AF711EE000B76A5 /* PBXContainerItemProxy */ = {
			isa = PBXContainerItemProxy;
			containerPortal = F166703B2AF711EC000B76A5 /* Project object */;
			proxyType = 1;
			remoteGlobalIDString = F16670422AF711EC000B76A5;
			remoteInfo = Tildone;
		};
/* End PBXContainerItemProxy section */

/* Begin PBXFileReference section */
		F13428112B5353070045343D /* Copier.swift */ = {isa = PBXFileReference; lastKnownFileType = sourcecode.swift; path = Copier.swift; sourceTree = "<group>"; };
		F13428132B535EA40045343D /* Localizable.xcstrings */ = {isa = PBXFileReference; lastKnownFileType = text.json.xcstrings; path = Localizable.xcstrings; sourceTree = "<group>"; };
		F16670432AF711EC000B76A5 /* Tildone.app */ = {isa = PBXFileReference; explicitFileType = wrapper.application; includeInIndex = 0; path = Tildone.app; sourceTree = BUILT_PRODUCTS_DIR; };
		F16670462AF711EC000B76A5 /* TildoneApp.swift */ = {isa = PBXFileReference; lastKnownFileType = sourcecode.swift; path = TildoneApp.swift; sourceTree = "<group>"; };
		F16670482AF711EC000B76A5 /* Note.swift */ = {isa = PBXFileReference; lastKnownFileType = sourcecode.swift; path = Note.swift; sourceTree = "<group>"; };
		F166704A2AF711EC000B76A5 /* Todo.swift */ = {isa = PBXFileReference; lastKnownFileType = sourcecode.swift; path = Todo.swift; sourceTree = "<group>"; };
		F166704C2AF711ED000B76A5 /* Assets.xcassets */ = {isa = PBXFileReference; lastKnownFileType = folder.assetcatalog; path = Assets.xcassets; sourceTree = "<group>"; };
		F166704F2AF711ED000B76A5 /* Preview Assets.xcassets */ = {isa = PBXFileReference; lastKnownFileType = folder.assetcatalog; path = "Preview Assets.xcassets"; sourceTree = "<group>"; };
		F16670512AF711ED000B76A5 /* Tildone.entitlements */ = {isa = PBXFileReference; lastKnownFileType = text.plist.entitlements; path = Tildone.entitlements; sourceTree = "<group>"; };
		F16670562AF711EE000B76A5 /* TildoneTests.xctest */ = {isa = PBXFileReference; explicitFileType = wrapper.cfbundle; includeInIndex = 0; path = TildoneTests.xctest; sourceTree = BUILT_PRODUCTS_DIR; };
		F166705A2AF711EE000B76A5 /* TildoneTests.swift */ = {isa = PBXFileReference; lastKnownFileType = sourcecode.swift; path = TildoneTests.swift; sourceTree = "<group>"; };
		F16670602AF711EE000B76A5 /* TildoneUITests.xctest */ = {isa = PBXFileReference; explicitFileType = wrapper.cfbundle; includeInIndex = 0; path = TildoneUITests.xctest; sourceTree = BUILT_PRODUCTS_DIR; };
		F16670642AF711EE000B76A5 /* TildoneUITests.swift */ = {isa = PBXFileReference; lastKnownFileType = sourcecode.swift; path = TildoneUITests.swift; sourceTree = "<group>"; };
		F16670662AF711EE000B76A5 /* TildoneUITestsLaunchTests.swift */ = {isa = PBXFileReference; lastKnownFileType = sourcecode.swift; path = TildoneUITestsLaunchTests.swift; sourceTree = "<group>"; };
		F16670752AF7133F000B76A5 /* TodoList.swift */ = {isa = PBXFileReference; lastKnownFileType = sourcecode.swift; name = TodoList.swift; path = Tildone/Models/TodoList.swift; sourceTree = SOURCE_ROOT; };
		F16670772AF7167D000B76A5 /* Styler.swift */ = {isa = PBXFileReference; fileEncoding = 4; lastKnownFileType = sourcecode.swift; path = Styler.swift; sourceTree = "<group>"; };
		F16670782AF7167D000B76A5 /* Constants.swift */ = {isa = PBXFileReference; fileEncoding = 4; lastKnownFileType = sourcecode.swift; path = Constants.swift; sourceTree = "<group>"; };
		F166707B2AF716F8000B76A5 /* Checkbox.swift */ = {isa = PBXFileReference; fileEncoding = 4; lastKnownFileType = sourcecode.swift; path = Checkbox.swift; sourceTree = "<group>"; };
		F17086B72B48D5BF00D2C7DD /* Launcher.swift */ = {isa = PBXFileReference; lastKnownFileType = sourcecode.swift; path = Launcher.swift; sourceTree = "<group>"; };
		F17F46952B4A0FE000127AD9 /* Settings.swift */ = {isa = PBXFileReference; lastKnownFileType = sourcecode.swift; path = Settings.swift; sourceTree = "<group>"; };
		F17F46992B4A1C0B00127AD9 /* View+Util.swift */ = {isa = PBXFileReference; lastKnownFileType = sourcecode.swift; path = "View+Util.swift"; sourceTree = "<group>"; };
		F180D8D92AF850CC002ED6BF /* Mocks.swift */ = {isa = PBXFileReference; lastKnownFileType = sourcecode.swift; path = Mocks.swift; sourceTree = "<group>"; };
		F180D8DB2AF854D7002ED6BF /* Desktop.swift */ = {isa = PBXFileReference; lastKnownFileType = sourcecode.swift; path = Desktop.swift; sourceTree = "<group>"; };
		F19B3BF22B155711003C094A /* LicenseType.swift */ = {isa = PBXFileReference; lastKnownFileType = sourcecode.swift; path = LicenseType.swift; sourceTree = "<group>"; };
		F1D17AA82B47741900C7A500 /* FocusFilter.swift */ = {isa = PBXFileReference; lastKnownFileType = sourcecode.swift; path = FocusFilter.swift; sourceTree = "<group>"; };
		F1D3001A2B51F2FB00654241 /* Launcher+Toggle.swift */ = {isa = PBXFileReference; lastKnownFileType = sourcecode.swift; path = "Launcher+Toggle.swift"; sourceTree = "<group>"; };
		F1D3001C2B51F3E100654241 /* UpdateChecker.swift */ = {isa = PBXFileReference; lastKnownFileType = sourcecode.swift; path = UpdateChecker.swift; sourceTree = "<group>"; };
		F1D3001E2B51FE0E00654241 /* Updates.swift */ = {isa = PBXFileReference; lastKnownFileType = sourcecode.swift; path = Updates.swift; sourceTree = "<group>"; };
		F1D300202B52061400654241 /* About.swift */ = {isa = PBXFileReference; lastKnownFileType = sourcecode.swift; path = About.swift; sourceTree = "<group>"; };
		F1EA81F72AFEA80C00E58A73 /* WindowAccessor.swift */ = {isa = PBXFileReference; lastKnownFileType = sourcecode.swift; path = WindowAccessor.swift; sourceTree = "<group>"; };
/* End PBXFileReference section */

/* Begin PBXFrameworksBuildPhase section */
		F16670402AF711EC000B76A5 /* Frameworks */ = {
			isa = PBXFrameworksBuildPhase;
			buildActionMask = 2147483647;
			files = (
			);
			runOnlyForDeploymentPostprocessing = 0;
		};
		F16670532AF711EE000B76A5 /* Frameworks */ = {
			isa = PBXFrameworksBuildPhase;
			buildActionMask = 2147483647;
			files = (
			);
			runOnlyForDeploymentPostprocessing = 0;
		};
		F166705D2AF711EE000B76A5 /* Frameworks */ = {
			isa = PBXFrameworksBuildPhase;
			buildActionMask = 2147483647;
			files = (
			);
			runOnlyForDeploymentPostprocessing = 0;
		};
/* End PBXFrameworksBuildPhase section */

/* Begin PBXGroup section */
		F166703A2AF711EC000B76A5 = {
			isa = PBXGroup;
			children = (
				F16670452AF711EC000B76A5 /* Tildone */,
				F16670592AF711EE000B76A5 /* TildoneTests */,
				F16670632AF711EE000B76A5 /* TildoneUITests */,
				F16670442AF711EC000B76A5 /* Products */,
			);
			sourceTree = "<group>";
		};
		F16670442AF711EC000B76A5 /* Products */ = {
			isa = PBXGroup;
			children = (
				F16670432AF711EC000B76A5 /* Tildone.app */,
				F16670562AF711EE000B76A5 /* TildoneTests.xctest */,
				F16670602AF711EE000B76A5 /* TildoneUITests.xctest */,
			);
			name = Products;
			sourceTree = "<group>";
		};
		F16670452AF711EC000B76A5 /* Tildone */ = {
			isa = PBXGroup;
			children = (
				F16670462AF711EC000B76A5 /* TildoneApp.swift */,
				F19B3BF22B155711003C094A /* LicenseType.swift */,
				F166704C2AF711ED000B76A5 /* Assets.xcassets */,
				F13428132B535EA40045343D /* Localizable.xcstrings */,
				F16670512AF711ED000B76A5 /* Tildone.entitlements */,
				F16670732AF7122F000B76A5 /* Models */,
				F16670742AF71273000B76A5 /* Views */,
				F1D300192B51F16A00654241 /* Services */,
				F166704E2AF711ED000B76A5 /* Preview Content */,
			);
			path = Tildone;
			sourceTree = "<group>";
		};
		F166704E2AF711ED000B76A5 /* Preview Content */ = {
			isa = PBXGroup;
			children = (
				F166704F2AF711ED000B76A5 /* Preview Assets.xcassets */,
				F180D8D92AF850CC002ED6BF /* Mocks.swift */,
			);
			path = "Preview Content";
			sourceTree = "<group>";
		};
		F16670592AF711EE000B76A5 /* TildoneTests */ = {
			isa = PBXGroup;
			children = (
				F166705A2AF711EE000B76A5 /* TildoneTests.swift */,
			);
			path = TildoneTests;
			sourceTree = "<group>";
		};
		F16670632AF711EE000B76A5 /* TildoneUITests */ = {
			isa = PBXGroup;
			children = (
				F16670642AF711EE000B76A5 /* TildoneUITests.swift */,
				F16670662AF711EE000B76A5 /* TildoneUITestsLaunchTests.swift */,
			);
			path = TildoneUITests;
			sourceTree = "<group>";
		};
		F16670732AF7122F000B76A5 /* Models */ = {
			isa = PBXGroup;
			children = (
				F166704A2AF711EC000B76A5 /* Todo.swift */,
				F16670752AF7133F000B76A5 /* TodoList.swift */,
				F1D17AA82B47741900C7A500 /* FocusFilter.swift */,
			);
			path = Models;
			sourceTree = "<group>";
		};
		F16670742AF71273000B76A5 /* Views */ = {
			isa = PBXGroup;
			children = (
				F1EA81F92AFEA81700E58A73 /* Common */,
				F16670482AF711EC000B76A5 /* Note.swift */,
				F180D8DB2AF854D7002ED6BF /* Desktop.swift */,
				F17F46952B4A0FE000127AD9 /* Settings.swift */,
				F1D3001E2B51FE0E00654241 /* Updates.swift */,
				F1D300202B52061400654241 /* About.swift */,
			);
			path = Views;
			sourceTree = "<group>";
		};
		F1D300192B51F16A00654241 /* Services */ = {
			isa = PBXGroup;
			children = (
				F17086B72B48D5BF00D2C7DD /* Launcher.swift */,
				F1D3001C2B51F3E100654241 /* UpdateChecker.swift */,
				F13428112B5353070045343D /* Copier.swift */,
			);
			path = Services;
			sourceTree = "<group>";
		};
		F1EA81F92AFEA81700E58A73 /* Common */ = {
			isa = PBXGroup;
			children = (
				F16670782AF7167D000B76A5 /* Constants.swift */,
				F166707B2AF716F8000B76A5 /* Checkbox.swift */,
				F1D3001A2B51F2FB00654241 /* Launcher+Toggle.swift */,
				F16670772AF7167D000B76A5 /* Styler.swift */,
				F17F46992B4A1C0B00127AD9 /* View+Util.swift */,
				F1EA81F72AFEA80C00E58A73 /* WindowAccessor.swift */,
			);
			path = Common;
			sourceTree = "<group>";
		};
/* End PBXGroup section */

/* Begin PBXNativeTarget section */
		F16670422AF711EC000B76A5 /* Tildone */ = {
			isa = PBXNativeTarget;
			buildConfigurationList = F166706A2AF711EE000B76A5 /* Build configuration list for PBXNativeTarget "Tildone" */;
			buildPhases = (
				F166703F2AF711EC000B76A5 /* Sources */,
				F16670402AF711EC000B76A5 /* Frameworks */,
				F16670412AF711EC000B76A5 /* Resources */,
			);
			buildRules = (
			);
			dependencies = (
			);
			name = Tildone;
			productName = Tildone;
			productReference = F16670432AF711EC000B76A5 /* Tildone.app */;
			productType = "com.apple.product-type.application";
		};
		F16670552AF711EE000B76A5 /* TildoneTests */ = {
			isa = PBXNativeTarget;
			buildConfigurationList = F166706D2AF711EE000B76A5 /* Build configuration list for PBXNativeTarget "TildoneTests" */;
			buildPhases = (
				F16670522AF711EE000B76A5 /* Sources */,
				F16670532AF711EE000B76A5 /* Frameworks */,
				F16670542AF711EE000B76A5 /* Resources */,
			);
			buildRules = (
			);
			dependencies = (
				F16670582AF711EE000B76A5 /* PBXTargetDependency */,
			);
			name = TildoneTests;
			productName = TildoneTests;
			productReference = F16670562AF711EE000B76A5 /* TildoneTests.xctest */;
			productType = "com.apple.product-type.bundle.unit-test";
		};
		F166705F2AF711EE000B76A5 /* TildoneUITests */ = {
			isa = PBXNativeTarget;
			buildConfigurationList = F16670702AF711EE000B76A5 /* Build configuration list for PBXNativeTarget "TildoneUITests" */;
			buildPhases = (
				F166705C2AF711EE000B76A5 /* Sources */,
				F166705D2AF711EE000B76A5 /* Frameworks */,
				F166705E2AF711EE000B76A5 /* Resources */,
			);
			buildRules = (
			);
			dependencies = (
				F16670622AF711EE000B76A5 /* PBXTargetDependency */,
			);
			name = TildoneUITests;
			productName = TildoneUITests;
			productReference = F16670602AF711EE000B76A5 /* TildoneUITests.xctest */;
			productType = "com.apple.product-type.bundle.ui-testing";
		};
/* End PBXNativeTarget section */

/* Begin PBXProject section */
		F166703B2AF711EC000B76A5 /* Project object */ = {
			isa = PBXProject;
			attributes = {
				BuildIndependentTargetsInParallel = 1;
				LastSwiftUpdateCheck = 1500;
				LastUpgradeCheck = 1500;
				TargetAttributes = {
					F16670422AF711EC000B76A5 = {
						CreatedOnToolsVersion = 15.0.1;
					};
					F16670552AF711EE000B76A5 = {
						CreatedOnToolsVersion = 15.0.1;
						TestTargetID = F16670422AF711EC000B76A5;
					};
					F166705F2AF711EE000B76A5 = {
						CreatedOnToolsVersion = 15.0.1;
						TestTargetID = F16670422AF711EC000B76A5;
					};
				};
			};
			buildConfigurationList = F166703E2AF711EC000B76A5 /* Build configuration list for PBXProject "Tildone" */;
			compatibilityVersion = "Xcode 14.0";
			developmentRegion = en;
			hasScannedForEncodings = 0;
			knownRegions = (
				en,
				Base,
			);
			mainGroup = F166703A2AF711EC000B76A5;
			productRefGroup = F16670442AF711EC000B76A5 /* Products */;
			projectDirPath = "";
			projectRoot = "";
			targets = (
				F16670422AF711EC000B76A5 /* Tildone */,
				F16670552AF711EE000B76A5 /* TildoneTests */,
				F166705F2AF711EE000B76A5 /* TildoneUITests */,
			);
		};
/* End PBXProject section */

/* Begin PBXResourcesBuildPhase section */
		F16670412AF711EC000B76A5 /* Resources */ = {
			isa = PBXResourcesBuildPhase;
			buildActionMask = 2147483647;
			files = (
				F16670502AF711ED000B76A5 /* Preview Assets.xcassets in Resources */,
				F166704D2AF711ED000B76A5 /* Assets.xcassets in Resources */,
				F13428142B535EA40045343D /* Localizable.xcstrings in Resources */,
			);
			runOnlyForDeploymentPostprocessing = 0;
		};
		F16670542AF711EE000B76A5 /* Resources */ = {
			isa = PBXResourcesBuildPhase;
			buildActionMask = 2147483647;
			files = (
			);
			runOnlyForDeploymentPostprocessing = 0;
		};
		F166705E2AF711EE000B76A5 /* Resources */ = {
			isa = PBXResourcesBuildPhase;
			buildActionMask = 2147483647;
			files = (
			);
			runOnlyForDeploymentPostprocessing = 0;
		};
/* End PBXResourcesBuildPhase section */

/* Begin PBXSourcesBuildPhase section */
		F166703F2AF711EC000B76A5 /* Sources */ = {
			isa = PBXSourcesBuildPhase;
			buildActionMask = 2147483647;
			files = (
				F16670492AF711EC000B76A5 /* Note.swift in Sources */,
				F16670792AF7167D000B76A5 /* Styler.swift in Sources */,
				F1EA81F82AFEA80C00E58A73 /* WindowAccessor.swift in Sources */,
				F16670762AF7133F000B76A5 /* TodoList.swift in Sources */,
				F1D3001D2B51F3E100654241 /* UpdateChecker.swift in Sources */,
				F13428122B5353070045343D /* Copier.swift in Sources */,
				F17F46962B4A0FE000127AD9 /* Settings.swift in Sources */,
				F166704B2AF711EC000B76A5 /* Todo.swift in Sources */,
				F180D8DA2AF850CC002ED6BF /* Mocks.swift in Sources */,
				F1D17AA92B47741900C7A500 /* FocusFilter.swift in Sources */,
				F180D8DC2AF854D7002ED6BF /* Desktop.swift in Sources */,
				F166707C2AF716F8000B76A5 /* Checkbox.swift in Sources */,
				F17F469A2B4A1C0B00127AD9 /* View+Util.swift in Sources */,
				F16670472AF711EC000B76A5 /* TildoneApp.swift in Sources */,
				F19B3BF32B155711003C094A /* LicenseType.swift in Sources */,
				F1D3001F2B51FE0E00654241 /* Updates.swift in Sources */,
				F17086B82B48D5BF00D2C7DD /* Launcher.swift in Sources */,
				F1D300212B52061400654241 /* About.swift in Sources */,
				F166707A2AF7167D000B76A5 /* Constants.swift in Sources */,
				F1D3001B2B51F2FB00654241 /* Launcher+Toggle.swift in Sources */,
			);
			runOnlyForDeploymentPostprocessing = 0;
		};
		F16670522AF711EE000B76A5 /* Sources */ = {
			isa = PBXSourcesBuildPhase;
			buildActionMask = 2147483647;
			files = (
				F166705B2AF711EE000B76A5 /* TildoneTests.swift in Sources */,
			);
			runOnlyForDeploymentPostprocessing = 0;
		};
		F166705C2AF711EE000B76A5 /* Sources */ = {
			isa = PBXSourcesBuildPhase;
			buildActionMask = 2147483647;
			files = (
				F16670672AF711EE000B76A5 /* TildoneUITestsLaunchTests.swift in Sources */,
				F16670652AF711EE000B76A5 /* TildoneUITests.swift in Sources */,
			);
			runOnlyForDeploymentPostprocessing = 0;
		};
/* End PBXSourcesBuildPhase section */

/* Begin PBXTargetDependency section */
		F16670582AF711EE000B76A5 /* PBXTargetDependency */ = {
			isa = PBXTargetDependency;
			target = F16670422AF711EC000B76A5 /* Tildone */;
			targetProxy = F16670572AF711EE000B76A5 /* PBXContainerItemProxy */;
		};
		F16670622AF711EE000B76A5 /* PBXTargetDependency */ = {
			isa = PBXTargetDependency;
			target = F16670422AF711EC000B76A5 /* Tildone */;
			targetProxy = F16670612AF711EE000B76A5 /* PBXContainerItemProxy */;
		};
/* End PBXTargetDependency section */

/* Begin XCBuildConfiguration section */
		F16670682AF711EE000B76A5 /* Debug */ = {
			isa = XCBuildConfiguration;
			buildSettings = {
				ALWAYS_SEARCH_USER_PATHS = NO;
				ASSETCATALOG_COMPILER_GENERATE_SWIFT_ASSET_SYMBOL_EXTENSIONS = YES;
				CLANG_ANALYZER_NONNULL = YES;
				CLANG_ANALYZER_NUMBER_OBJECT_CONVERSION = YES_AGGRESSIVE;
				CLANG_CXX_LANGUAGE_STANDARD = "gnu++20";
				CLANG_ENABLE_MODULES = YES;
				CLANG_ENABLE_OBJC_ARC = YES;
				CLANG_ENABLE_OBJC_WEAK = YES;
				CLANG_WARN_BLOCK_CAPTURE_AUTORELEASING = YES;
				CLANG_WARN_BOOL_CONVERSION = YES;
				CLANG_WARN_COMMA = YES;
				CLANG_WARN_CONSTANT_CONVERSION = YES;
				CLANG_WARN_DEPRECATED_OBJC_IMPLEMENTATIONS = YES;
				CLANG_WARN_DIRECT_OBJC_ISA_USAGE = YES_ERROR;
				CLANG_WARN_DOCUMENTATION_COMMENTS = YES;
				CLANG_WARN_EMPTY_BODY = YES;
				CLANG_WARN_ENUM_CONVERSION = YES;
				CLANG_WARN_INFINITE_RECURSION = YES;
				CLANG_WARN_INT_CONVERSION = YES;
				CLANG_WARN_NON_LITERAL_NULL_CONVERSION = YES;
				CLANG_WARN_OBJC_IMPLICIT_RETAIN_SELF = YES;
				CLANG_WARN_OBJC_LITERAL_CONVERSION = YES;
				CLANG_WARN_OBJC_ROOT_CLASS = YES_ERROR;
				CLANG_WARN_QUOTED_INCLUDE_IN_FRAMEWORK_HEADER = YES;
				CLANG_WARN_RANGE_LOOP_ANALYSIS = YES;
				CLANG_WARN_STRICT_PROTOTYPES = YES;
				CLANG_WARN_SUSPICIOUS_MOVE = YES;
				CLANG_WARN_UNGUARDED_AVAILABILITY = YES_AGGRESSIVE;
				CLANG_WARN_UNREACHABLE_CODE = YES;
				CLANG_WARN__DUPLICATE_METHOD_MATCH = YES;
				COPY_PHASE_STRIP = NO;
				DEBUG_INFORMATION_FORMAT = dwarf;
				ENABLE_STRICT_OBJC_MSGSEND = YES;
				ENABLE_TESTABILITY = YES;
				ENABLE_USER_SCRIPT_SANDBOXING = YES;
				GCC_C_LANGUAGE_STANDARD = gnu17;
				GCC_DYNAMIC_NO_PIC = NO;
				GCC_NO_COMMON_BLOCKS = YES;
				GCC_OPTIMIZATION_LEVEL = 0;
				GCC_PREPROCESSOR_DEFINITIONS = (
					"DEBUG=1",
					"$(inherited)",
				);
				GCC_WARN_64_TO_32_BIT_CONVERSION = YES;
				GCC_WARN_ABOUT_RETURN_TYPE = YES_ERROR;
				GCC_WARN_UNDECLARED_SELECTOR = YES;
				GCC_WARN_UNINITIALIZED_AUTOS = YES_AGGRESSIVE;
				GCC_WARN_UNUSED_FUNCTION = YES;
				GCC_WARN_UNUSED_VARIABLE = YES;
				LOCALIZATION_PREFERS_STRING_CATALOGS = YES;
				MACOSX_DEPLOYMENT_TARGET = 14.0;
				MTL_ENABLE_DEBUG_INFO = INCLUDE_SOURCE;
				MTL_FAST_MATH = YES;
				ONLY_ACTIVE_ARCH = YES;
				SDKROOT = macosx;
				SWIFT_ACTIVE_COMPILATION_CONDITIONS = "DEBUG $(inherited)";
				SWIFT_OPTIMIZATION_LEVEL = "-Onone";
			};
			name = Debug;
		};
		F16670692AF711EE000B76A5 /* Release */ = {
			isa = XCBuildConfiguration;
			buildSettings = {
				ALWAYS_SEARCH_USER_PATHS = NO;
				ASSETCATALOG_COMPILER_GENERATE_SWIFT_ASSET_SYMBOL_EXTENSIONS = YES;
				CLANG_ANALYZER_NONNULL = YES;
				CLANG_ANALYZER_NUMBER_OBJECT_CONVERSION = YES_AGGRESSIVE;
				CLANG_CXX_LANGUAGE_STANDARD = "gnu++20";
				CLANG_ENABLE_MODULES = YES;
				CLANG_ENABLE_OBJC_ARC = YES;
				CLANG_ENABLE_OBJC_WEAK = YES;
				CLANG_WARN_BLOCK_CAPTURE_AUTORELEASING = YES;
				CLANG_WARN_BOOL_CONVERSION = YES;
				CLANG_WARN_COMMA = YES;
				CLANG_WARN_CONSTANT_CONVERSION = YES;
				CLANG_WARN_DEPRECATED_OBJC_IMPLEMENTATIONS = YES;
				CLANG_WARN_DIRECT_OBJC_ISA_USAGE = YES_ERROR;
				CLANG_WARN_DOCUMENTATION_COMMENTS = YES;
				CLANG_WARN_EMPTY_BODY = YES;
				CLANG_WARN_ENUM_CONVERSION = YES;
				CLANG_WARN_INFINITE_RECURSION = YES;
				CLANG_WARN_INT_CONVERSION = YES;
				CLANG_WARN_NON_LITERAL_NULL_CONVERSION = YES;
				CLANG_WARN_OBJC_IMPLICIT_RETAIN_SELF = YES;
				CLANG_WARN_OBJC_LITERAL_CONVERSION = YES;
				CLANG_WARN_OBJC_ROOT_CLASS = YES_ERROR;
				CLANG_WARN_QUOTED_INCLUDE_IN_FRAMEWORK_HEADER = YES;
				CLANG_WARN_RANGE_LOOP_ANALYSIS = YES;
				CLANG_WARN_STRICT_PROTOTYPES = YES;
				CLANG_WARN_SUSPICIOUS_MOVE = YES;
				CLANG_WARN_UNGUARDED_AVAILABILITY = YES_AGGRESSIVE;
				CLANG_WARN_UNREACHABLE_CODE = YES;
				CLANG_WARN__DUPLICATE_METHOD_MATCH = YES;
				COPY_PHASE_STRIP = NO;
				DEBUG_INFORMATION_FORMAT = "dwarf-with-dsym";
				ENABLE_NS_ASSERTIONS = NO;
				ENABLE_STRICT_OBJC_MSGSEND = YES;
				ENABLE_USER_SCRIPT_SANDBOXING = YES;
				GCC_C_LANGUAGE_STANDARD = gnu17;
				GCC_NO_COMMON_BLOCKS = YES;
				GCC_WARN_64_TO_32_BIT_CONVERSION = YES;
				GCC_WARN_ABOUT_RETURN_TYPE = YES_ERROR;
				GCC_WARN_UNDECLARED_SELECTOR = YES;
				GCC_WARN_UNINITIALIZED_AUTOS = YES_AGGRESSIVE;
				GCC_WARN_UNUSED_FUNCTION = YES;
				GCC_WARN_UNUSED_VARIABLE = YES;
				LOCALIZATION_PREFERS_STRING_CATALOGS = YES;
				MACOSX_DEPLOYMENT_TARGET = 14.0;
				MTL_ENABLE_DEBUG_INFO = NO;
				MTL_FAST_MATH = YES;
				SDKROOT = macosx;
				SWIFT_COMPILATION_MODE = wholemodule;
			};
			name = Release;
		};
		F166706B2AF711EE000B76A5 /* Debug */ = {
			isa = XCBuildConfiguration;
			buildSettings = {
				ASSETCATALOG_COMPILER_APPICON_NAME = AppIcon;
				ASSETCATALOG_COMPILER_GLOBAL_ACCENT_COLOR_NAME = AccentColor;
				CODE_SIGN_ENTITLEMENTS = Tildone/Tildone.entitlements;
				CODE_SIGN_IDENTITY = "Apple Development";
				CODE_SIGN_STYLE = Automatic;
				COMBINE_HIDPI_IMAGES = YES;
				CURRENT_PROJECT_VERSION = 1;
				DEVELOPMENT_ASSET_PATHS = "\"Tildone/Preview Content\"";
				DEVELOPMENT_TEAM = F6HFAVTS49;
				ENABLE_HARDENED_RUNTIME = YES;
				ENABLE_PREVIEWS = YES;
				GENERATE_INFOPLIST_FILE = YES;
				INFOPLIST_KEY_CFBundleDisplayName = Tildone;
				INFOPLIST_KEY_LSApplicationCategoryType = "public.app-category.productivity";
				INFOPLIST_KEY_NSHumanReadableCopyright = "";
				LD_RUNPATH_SEARCH_PATHS = (
					"$(inherited)",
					"@executable_path/../Frameworks",
				);
				MACOSX_DEPLOYMENT_TARGET = 14.0;
				MARKETING_VERSION = 1.0;
				PRODUCT_BUNDLE_IDENTIFIER = studio.cuatro.tildone;
				PRODUCT_NAME = "$(TARGET_NAME)";
				PROVISIONING_PROFILE_SPECIFIER = "";
				SWIFT_EMIT_LOC_STRINGS = YES;
				SWIFT_VERSION = 5.0;
			};
			name = Debug;
		};
		F166706C2AF711EE000B76A5 /* Release */ = {
			isa = XCBuildConfiguration;
			buildSettings = {
				ASSETCATALOG_COMPILER_APPICON_NAME = AppIcon;
				ASSETCATALOG_COMPILER_GLOBAL_ACCENT_COLOR_NAME = AccentColor;
				CODE_SIGN_ENTITLEMENTS = Tildone/Tildone.entitlements;
				CODE_SIGN_IDENTITY = "Apple Development";
				CODE_SIGN_STYLE = Automatic;
				COMBINE_HIDPI_IMAGES = YES;
				CURRENT_PROJECT_VERSION = 1;
				DEVELOPMENT_ASSET_PATHS = "\"Tildone/Preview Content\"";
				DEVELOPMENT_TEAM = F6HFAVTS49;
				ENABLE_HARDENED_RUNTIME = YES;
				ENABLE_PREVIEWS = YES;
				GENERATE_INFOPLIST_FILE = YES;
				INFOPLIST_KEY_CFBundleDisplayName = Tildone;
				INFOPLIST_KEY_LSApplicationCategoryType = "public.app-category.productivity";
				INFOPLIST_KEY_NSHumanReadableCopyright = "";
				LD_RUNPATH_SEARCH_PATHS = (
					"$(inherited)",
					"@executable_path/../Frameworks",
				);
				MACOSX_DEPLOYMENT_TARGET = 14.0;
				MARKETING_VERSION = 1.0;
				PRODUCT_BUNDLE_IDENTIFIER = studio.cuatro.tildone;
				PRODUCT_NAME = "$(TARGET_NAME)";
				PROVISIONING_PROFILE_SPECIFIER = "";
				SWIFT_EMIT_LOC_STRINGS = YES;
				SWIFT_VERSION = 5.0;
			};
			name = Release;
		};
		F166706E2AF711EE000B76A5 /* Debug */ = {
			isa = XCBuildConfiguration;
			buildSettings = {
				ALWAYS_EMBED_SWIFT_STANDARD_LIBRARIES = YES;
				BUNDLE_LOADER = "$(TEST_HOST)";
				CODE_SIGN_STYLE = Automatic;
				CURRENT_PROJECT_VERSION = 1;
				DEVELOPMENT_TEAM = F6HFAVTS49;
				GENERATE_INFOPLIST_FILE = YES;
				MACOSX_DEPLOYMENT_TARGET = 14.0;
				MARKETING_VERSION = 1.0;
				PRODUCT_BUNDLE_IDENTIFIER = studio.cuatro.TildoneTests;
				PRODUCT_NAME = "$(TARGET_NAME)";
				SWIFT_EMIT_LOC_STRINGS = NO;
				SWIFT_VERSION = 5.0;
				TEST_HOST = "$(BUILT_PRODUCTS_DIR)/Tildone.app/$(BUNDLE_EXECUTABLE_FOLDER_PATH)/Tildone";
			};
			name = Debug;
		};
		F166706F2AF711EE000B76A5 /* Release */ = {
			isa = XCBuildConfiguration;
			buildSettings = {
				ALWAYS_EMBED_SWIFT_STANDARD_LIBRARIES = YES;
				BUNDLE_LOADER = "$(TEST_HOST)";
				CODE_SIGN_STYLE = Automatic;
				CURRENT_PROJECT_VERSION = 1;
				DEVELOPMENT_TEAM = F6HFAVTS49;
				GENERATE_INFOPLIST_FILE = YES;
				MACOSX_DEPLOYMENT_TARGET = 14.0;
				MARKETING_VERSION = 1.0;
				PRODUCT_BUNDLE_IDENTIFIER = studio.cuatro.TildoneTests;
				PRODUCT_NAME = "$(TARGET_NAME)";
				SWIFT_EMIT_LOC_STRINGS = NO;
				SWIFT_VERSION = 5.0;
				TEST_HOST = "$(BUILT_PRODUCTS_DIR)/Tildone.app/$(BUNDLE_EXECUTABLE_FOLDER_PATH)/Tildone";
			};
			name = Release;
		};
		F16670712AF711EE000B76A5 /* Debug */ = {
			isa = XCBuildConfiguration;
			buildSettings = {
				ALWAYS_EMBED_SWIFT_STANDARD_LIBRARIES = YES;
				CODE_SIGN_STYLE = Automatic;
				CURRENT_PROJECT_VERSION = 1;
				DEVELOPMENT_TEAM = F6HFAVTS49;
				GENERATE_INFOPLIST_FILE = YES;
				MARKETING_VERSION = 1.0;
				PRODUCT_BUNDLE_IDENTIFIER = studio.cuatro.TildoneUITests;
				PRODUCT_NAME = "$(TARGET_NAME)";
				SWIFT_EMIT_LOC_STRINGS = NO;
				SWIFT_VERSION = 5.0;
				TEST_TARGET_NAME = Tildone;
			};
			name = Debug;
		};
		F16670722AF711EE000B76A5 /* Release */ = {
			isa = XCBuildConfiguration;
			buildSettings = {
				ALWAYS_EMBED_SWIFT_STANDARD_LIBRARIES = YES;
				CODE_SIGN_STYLE = Automatic;
				CURRENT_PROJECT_VERSION = 1;
				DEVELOPMENT_TEAM = F6HFAVTS49;
				GENERATE_INFOPLIST_FILE = YES;
				MARKETING_VERSION = 1.0;
				PRODUCT_BUNDLE_IDENTIFIER = studio.cuatro.TildoneUITests;
				PRODUCT_NAME = "$(TARGET_NAME)";
				SWIFT_EMIT_LOC_STRINGS = NO;
				SWIFT_VERSION = 5.0;
				TEST_TARGET_NAME = Tildone;
			};
			name = Release;
		};
/* End XCBuildConfiguration section */

/* Begin XCConfigurationList section */
		F166703E2AF711EC000B76A5 /* Build configuration list for PBXProject "Tildone" */ = {
			isa = XCConfigurationList;
			buildConfigurations = (
				F16670682AF711EE000B76A5 /* Debug */,
				F16670692AF711EE000B76A5 /* Release */,
			);
			defaultConfigurationIsVisible = 0;
			defaultConfigurationName = Release;
		};
		F166706A2AF711EE000B76A5 /* Build configuration list for PBXNativeTarget "Tildone" */ = {
			isa = XCConfigurationList;
			buildConfigurations = (
				F166706B2AF711EE000B76A5 /* Debug */,
				F166706C2AF711EE000B76A5 /* Release */,
			);
			defaultConfigurationIsVisible = 0;
			defaultConfigurationName = Release;
		};
		F166706D2AF711EE000B76A5 /* Build configuration list for PBXNativeTarget "TildoneTests" */ = {
			isa = XCConfigurationList;
			buildConfigurations = (
				F166706E2AF711EE000B76A5 /* Debug */,
				F166706F2AF711EE000B76A5 /* Release */,
			);
			defaultConfigurationIsVisible = 0;
			defaultConfigurationName = Release;
		};
		F16670702AF711EE000B76A5 /* Build configuration list for PBXNativeTarget "TildoneUITests" */ = {
			isa = XCConfigurationList;
			buildConfigurations = (
				F16670712AF711EE000B76A5 /* Debug */,
				F16670722AF711EE000B76A5 /* Release */,
			);
			defaultConfigurationIsVisible = 0;
			defaultConfigurationName = Release;
		};
/* End XCConfigurationList section */
	};
	rootObject = F166703B2AF711EC000B76A5 /* Project object */;
}
